
Microsoft Visual Studio Solution File, Format Version 12.00
# Visual Studio Version 17
VisualStudioVersion = 17.10.35027.167
MinimumVisualStudioVersion = 10.0.40219.1
Project("{9A19103F-16F7-4668-BE54-9A1E7A4F7556}") = "OrdenesDeinversion", "OrdenesDeinversion\OrdenesDeinversion.csproj", "{6DCB48EB-A161-48E6-AD2E-E032BD194C16}"
EndProject
Project("{FAE04EC0-301F-11D3-BF4B-00C04F79EFBC}") = "PruebasOrdenesDeInversion", "PruebasOrdenesDeInversion\PruebasOrdenesDeInversion.csproj", "{2B029361-9E60-4FA2-A746-9B576185F257}"
EndProject
Global
	GlobalSection(SolutionConfigurationPlatforms) = preSolution
		Debug|Any CPU = Debug|Any CPU
		Release|Any CPU = Release|Any CPU
	EndGlobalSection
	GlobalSection(ProjectConfigurationPlatforms) = postSolution
		{6DCB48EB-A161-48E6-AD2E-E032BD194C16}.Debug|Any CPU.ActiveCfg = Debug|Any CPU
		{6DCB48EB-A161-48E6-AD2E-E032BD194C16}.Debug|Any CPU.Build.0 = Debug|Any CPU
		{6DCB48EB-A161-48E6-AD2E-E032BD194C16}.Release|Any CPU.ActiveCfg = Release|Any CPU
		{6DCB48EB-A161-48E6-AD2E-E032BD194C16}.Release|Any CPU.Build.0 = Release|Any CPU
		{2B029361-9E60-4FA2-A746-9B576185F257}.Debug|Any CPU.ActiveCfg = Debug|Any CPU
		{2B029361-9E60-4FA2-A746-9B576185F257}.Debug|Any CPU.Build.0 = Debug|Any CPU
		{2B029361-9E60-4FA2-A746-9B576185F257}.Release|Any CPU.ActiveCfg = Release|Any CPU
		{2B029361-9E60-4FA2-A746-9B576185F257}.Release|Any CPU.Build.0 = Release|Any CPU
	EndGlobalSection
	GlobalSection(SolutionProperties) = preSolution
		HideSolutionNode = FALSE
	EndGlobalSection
	GlobalSection(ExtensibilityGlobals) = postSolution
		SolutionGuid = {80661128-F293-4A0E-866A-68DDB80DB0C3}
	EndGlobalSection
EndGlobal
